
Microsoft Visual Studio Solution File, Format Version 12.00
# Visual Studio 15
VisualStudioVersion = 15.0.27130.2026
MinimumVisualStudioVersion = 10.0.40219.1
Project("{9A19103F-16F7-4668-BE54-9A1E7A4F7556}") = "DeathClock", "DeathClock\DeathClock.csproj", "{41B00067-2B14-4A14-9845-9D80DA42CCE8}"
EndProject
Project("{9A19103F-16F7-4668-BE54-9A1E7A4F7556}") = "DeathClock.Test", "DeathClock.Test\DeathClock.Test.csproj", "{722D64EF-B71F-43AE-A2EF-875BC085F232}"
EndProject
Project("{2150E333-8FDC-42A3-9474-1A3956D46DE8}") = "Solution Items", "Solution Items", "{355BDA3B-404A-4E51-B039-6FF7D32255ED}"
	ProjectSection(SolutionItems) = preProject
		build.cake = build.cake
		cake.ps1 = cake.ps1
		dockerfile = dockerfile
		license.txt = license.txt
		readme.md = readme.md
	EndProjectSection
EndProject
Global
	GlobalSection(SolutionConfigurationPlatforms) = preSolution
		Debug|Any CPU = Debug|Any CPU
		Debug|ARM = Debug|ARM
		Debug|x64 = Debug|x64
		Debug|x86 = Debug|x86
		Release|Any CPU = Release|Any CPU
		Release|ARM = Release|ARM
		Release|x64 = Release|x64
		Release|x86 = Release|x86
	EndGlobalSection
	GlobalSection(ProjectConfigurationPlatforms) = postSolution
		{41B00067-2B14-4A14-9845-9D80DA42CCE8}.Debug|Any CPU.ActiveCfg = Debug|Any CPU
		{41B00067-2B14-4A14-9845-9D80DA42CCE8}.Debug|Any CPU.Build.0 = Debug|Any CPU
		{41B00067-2B14-4A14-9845-9D80DA42CCE8}.Debug|ARM.ActiveCfg = Debug|Any CPU
		{41B00067-2B14-4A14-9845-9D80DA42CCE8}.Debug|ARM.Build.0 = Debug|Any CPU
		{41B00067-2B14-4A14-9845-9D80DA42CCE8}.Debug|x64.ActiveCfg = Debug|Any CPU
		{41B00067-2B14-4A14-9845-9D80DA42CCE8}.Debug|x64.Build.0 = Debug|Any CPU
		{41B00067-2B14-4A14-9845-9D80DA42CCE8}.Debug|x86.ActiveCfg = Debug|Any CPU
		{41B00067-2B14-4A14-9845-9D80DA42CCE8}.Debug|x86.Build.0 = Debug|Any CPU
		{41B00067-2B14-4A14-9845-9D80DA42CCE8}.Release|Any CPU.ActiveCfg = Release|Any CPU
		{41B00067-2B14-4A14-9845-9D80DA42CCE8}.Release|Any CPU.Build.0 = Release|Any CPU
		{41B00067-2B14-4A14-9845-9D80DA42CCE8}.Release|ARM.ActiveCfg = Release|Any CPU
		{41B00067-2B14-4A14-9845-9D80DA42CCE8}.Release|ARM.Build.0 = Release|Any CPU
		{41B00067-2B14-4A14-9845-9D80DA42CCE8}.Release|x64.ActiveCfg = Release|Any CPU
		{41B00067-2B14-4A14-9845-9D80DA42CCE8}.Release|x64.Build.0 = Release|Any CPU
		{41B00067-2B14-4A14-9845-9D80DA42CCE8}.Release|x86.ActiveCfg = Release|Any CPU
		{41B00067-2B14-4A14-9845-9D80DA42CCE8}.Release|x86.Build.0 = Release|Any CPU
		{722D64EF-B71F-43AE-A2EF-875BC085F232}.Debug|Any CPU.ActiveCfg = Debug|Any CPU
		{722D64EF-B71F-43AE-A2EF-875BC085F232}.Debug|Any CPU.Build.0 = Debug|Any CPU
		{722D64EF-B71F-43AE-A2EF-875BC085F232}.Debug|ARM.ActiveCfg = Debug|Any CPU
		{722D64EF-B71F-43AE-A2EF-875BC085F232}.Debug|ARM.Build.0 = Debug|Any CPU
		{722D64EF-B71F-43AE-A2EF-875BC085F232}.Debug|x64.ActiveCfg = Debug|Any CPU
		{722D64EF-B71F-43AE-A2EF-875BC085F232}.Debug|x64.Build.0 = Debug|Any CPU
		{722D64EF-B71F-43AE-A2EF-875BC085F232}.Debug|x86.ActiveCfg = Debug|Any CPU
		{722D64EF-B71F-43AE-A2EF-875BC085F232}.Debug|x86.Build.0 = Debug|Any CPU
		{722D64EF-B71F-43AE-A2EF-875BC085F232}.Release|Any CPU.ActiveCfg = Release|Any CPU
		{722D64EF-B71F-43AE-A2EF-875BC085F232}.Release|Any CPU.Build.0 = Release|Any CPU
		{722D64EF-B71F-43AE-A2EF-875BC085F232}.Release|ARM.ActiveCfg = Release|Any CPU
		{722D64EF-B71F-43AE-A2EF-875BC085F232}.Release|ARM.Build.0 = Release|Any CPU
		{722D64EF-B71F-43AE-A2EF-875BC085F232}.Release|x64.ActiveCfg = Release|Any CPU
		{722D64EF-B71F-43AE-A2EF-875BC085F232}.Release|x64.Build.0 = Release|Any CPU
		{722D64EF-B71F-43AE-A2EF-875BC085F232}.Release|x86.ActiveCfg = Release|Any CPU
		{722D64EF-B71F-43AE-A2EF-875BC085F232}.Release|x86.Build.0 = Release|Any CPU
	EndGlobalSection
	GlobalSection(SolutionProperties) = preSolution
		HideSolutionNode = FALSE
	EndGlobalSection
	GlobalSection(ExtensibilityGlobals) = postSolution
		SolutionGuid = {DBE71760-D801-4379-9B88-32926C8E9E55}
	EndGlobalSection
EndGlobal
